// !$*UTF8*$!
{
	archiveVersion = 1;
	classes = {
	};
	objectVersion = 45;
	objects = {

/* Begin PBXBuildFile section */
		1D3623260D0F684500981E51 /* MEOW_iphoneAppDelegate.m in Sources */ = {isa = PBXBuildFile; fileRef = 1D3623250D0F684500981E51 /* MEOW_iphoneAppDelegate.m */; };
		1D60589B0D05DD56006BFB54 /* main.m in Sources */ = {isa = PBXBuildFile; fileRef = 29B97316FDCFA39411CA2CEA /* main.m */; };
		1D60589F0D05DD5A006BFB54 /* Foundation.framework in Frameworks */ = {isa = PBXBuildFile; fileRef = 1D30AB110D05D00D00671497 /* Foundation.framework */; };
		1DF5F4E00D08C38300B7A737 /* UIKit.framework in Frameworks */ = {isa = PBXBuildFile; fileRef = 1DF5F4DF0D08C38300B7A737 /* UIKit.framework */; };
		288765A50DF7441C002DB57D /* CoreGraphics.framework in Frameworks */ = {isa = PBXBuildFile; fileRef = 288765A40DF7441C002DB57D /* CoreGraphics.framework */; };
		2899E5220DE3E06400AC0155 /* RegisterViewController.xib in Resources */ = {isa = PBXBuildFile; fileRef = 2899E5210DE3E06400AC0155 /* RegisterViewController.xib */; };
		28AD733F0D9D9553002E5188 /* MainWindow.xib in Resources */ = {isa = PBXBuildFile; fileRef = 28AD733E0D9D9553002E5188 /* MainWindow.xib */; };
		28D7ACF80DDB3853001CB0EB /* RegisterViewController.m in Sources */ = {isa = PBXBuildFile; fileRef = 28D7ACF70DDB3853001CB0EB /* RegisterViewController.m */; };
		4503D6FC1209665D005E9A73 /* libDeferredKit.a in Frameworks */ = {isa = PBXBuildFile; fileRef = 4503D6F912096654005E9A73 /* libDeferredKit.a */; };
		450BB7F51248AC0A0028F91E /* MessageThreadViewController.m in Sources */ = {isa = PBXBuildFile; fileRef = 450BB7F31248AC0A0028F91E /* MessageThreadViewController.m */; };
		450BB7F61248AC0A0028F91E /* MessageThreadViewController.xib in Resources */ = {isa = PBXBuildFile; fileRef = 450BB7F41248AC0A0028F91E /* MessageThreadViewController.xib */; };
		450BB89B1248D6690028F91E /* SendMessageViewController.m in Sources */ = {isa = PBXBuildFile; fileRef = 450BB8991248D6690028F91E /* SendMessageViewController.m */; };
		450BB89C1248D6690028F91E /* SendMessageViewController.xib in Resources */ = {isa = PBXBuildFile; fileRef = 450BB89A1248D6690028F91E /* SendMessageViewController.xib */; };
		4575F6BF122FC4FE00723106 /* MEOW_UserState.m in Sources */ = {isa = PBXBuildFile; fileRef = 4575F6BE122FC4FE00723106 /* MEOW_UserState.m */; };
		4575F7AB122FE4CA00723106 /* MEOW_UserMessage.m in Sources */ = {isa = PBXBuildFile; fileRef = 4575F7AA122FE4CA00723106 /* MEOW_UserMessage.m */; };
		45C5B9BE12268B3E00EB87D8 /* HomeViewController.m in Sources */ = {isa = PBXBuildFile; fileRef = 45C5B9BC12268B3E00EB87D8 /* HomeViewController.m */; };
		45C5B9BF12268B3E00EB87D8 /* HomeViewController.xib in Resources */ = {isa = PBXBuildFile; fileRef = 45C5B9BD12268B3E00EB87D8 /* HomeViewController.xib */; };
		45C5BA381226972A00EB87D8 /* MapKit.framework in Frameworks */ = {isa = PBXBuildFile; fileRef = 45C5BA371226972A00EB87D8 /* MapKit.framework */; };
		45D76B951228C0F200003C53 /* MessagesViewController.m in Sources */ = {isa = PBXBuildFile; fileRef = 45D76B931228C0F200003C53 /* MessagesViewController.m */; };
		45D76B961228C0F200003C53 /* MessagesViewController.xib in Resources */ = {isa = PBXBuildFile; fileRef = 45D76B941228C0F200003C53 /* MessagesViewController.xib */; };
		45D76BFC1228F91700003C53 /* MessagesToolBarViewController.m in Sources */ = {isa = PBXBuildFile; fileRef = 45D76BFA1228F91700003C53 /* MessagesToolBarViewController.m */; };
		45D76BFD1228F91700003C53 /* MessagesToolBarViewController.xib in Resources */ = {isa = PBXBuildFile; fileRef = 45D76BFB1228F91700003C53 /* MessagesToolBarViewController.xib */; };
/* End PBXBuildFile section */

/* Begin PBXContainerItemProxy section */
		4503D6F812096654005E9A73 /* PBXContainerItemProxy */ = {
			isa = PBXContainerItemProxy;
			containerPortal = 4503D6EF12096654005E9A73 /* CocoaDeferred.xcodeproj */;
			proxyType = 2;
			remoteGlobalIDString = D2AAC07E0554694100DB518D;
			remoteInfo = DeferredKit;
		};
		4503D6FA12096654005E9A73 /* PBXContainerItemProxy */ = {
			isa = PBXContainerItemProxy;
			containerPortal = 4503D6EF12096654005E9A73 /* CocoaDeferred.xcodeproj */;
			proxyType = 2;
			remoteGlobalIDString = 229C389C104DE23400CFAA3F;
			remoteInfo = DeferredTest;
		};
		4503D6FF12096680005E9A73 /* PBXContainerItemProxy */ = {
			isa = PBXContainerItemProxy;
			containerPortal = 4503D6EF12096654005E9A73 /* CocoaDeferred.xcodeproj */;
			proxyType = 1;
			remoteGlobalIDString = D2AAC07D0554694100DB518D;
			remoteInfo = DeferredKit;
		};
/* End PBXContainerItemProxy section */

/* Begin PBXFileReference section */
		1D30AB110D05D00D00671497 /* Foundation.framework */ = {isa = PBXFileReference; lastKnownFileType = wrapper.framework; name = Foundation.framework; path = System/Library/Frameworks/Foundation.framework; sourceTree = SDKROOT; };
		1D3623240D0F684500981E51 /* MEOW_iphoneAppDelegate.h */ = {isa = PBXFileReference; fileEncoding = 4; lastKnownFileType = sourcecode.c.h; path = MEOW_iphoneAppDelegate.h; sourceTree = "<group>"; };
		1D3623250D0F684500981E51 /* MEOW_iphoneAppDelegate.m */ = {isa = PBXFileReference; fileEncoding = 4; lastKnownFileType = sourcecode.c.objc; path = MEOW_iphoneAppDelegate.m; sourceTree = "<group>"; };
		1D6058910D05DD3D006BFB54 /* MEOW-iphone.app */ = {isa = PBXFileReference; explicitFileType = wrapper.application; includeInIndex = 0; path = "MEOW-iphone.app"; sourceTree = BUILT_PRODUCTS_DIR; };
		1DF5F4DF0D08C38300B7A737 /* UIKit.framework */ = {isa = PBXFileReference; lastKnownFileType = wrapper.framework; name = UIKit.framework; path = System/Library/Frameworks/UIKit.framework; sourceTree = SDKROOT; };
		288765A40DF7441C002DB57D /* CoreGraphics.framework */ = {isa = PBXFileReference; lastKnownFileType = wrapper.framework; name = CoreGraphics.framework; path = System/Library/Frameworks/CoreGraphics.framework; sourceTree = SDKROOT; };
		2899E5210DE3E06400AC0155 /* RegisterViewController.xib */ = {isa = PBXFileReference; lastKnownFileType = file.xib; path = RegisterViewController.xib; sourceTree = "<group>"; };
		28AD733E0D9D9553002E5188 /* MainWindow.xib */ = {isa = PBXFileReference; lastKnownFileType = file.xib; path = MainWindow.xib; sourceTree = "<group>"; };
		28D7ACF60DDB3853001CB0EB /* RegisterViewController.h */ = {isa = PBXFileReference; fileEncoding = 4; lastKnownFileType = sourcecode.c.h; name = RegisterViewController.h; path = Classes/RegisterViewController.h; sourceTree = "<group>"; };
		28D7ACF70DDB3853001CB0EB /* RegisterViewController.m */ = {isa = PBXFileReference; fileEncoding = 4; lastKnownFileType = sourcecode.c.objc; name = RegisterViewController.m; path = Classes/RegisterViewController.m; sourceTree = "<group>"; };
		29B97316FDCFA39411CA2CEA /* main.m */ = {isa = PBXFileReference; fileEncoding = 4; lastKnownFileType = sourcecode.c.objc; path = main.m; sourceTree = "<group>"; };
		32CA4F630368D1EE00C91783 /* MEOW_iphone_Prefix.pch */ = {isa = PBXFileReference; fileEncoding = 4; lastKnownFileType = sourcecode.c.h; path = MEOW_iphone_Prefix.pch; sourceTree = "<group>"; };
		4503D6EF12096654005E9A73 /* CocoaDeferred.xcodeproj */ = {isa = PBXFileReference; lastKnownFileType = "wrapper.pb-project"; name = CocoaDeferred.xcodeproj; path = DeferredKit/CocoaDeferred/CocoaDeferred.xcodeproj; sourceTree = "<group>"; };
		450BB7F21248AC0A0028F91E /* MessageThreadViewController.h */ = {isa = PBXFileReference; fileEncoding = 4; lastKnownFileType = sourcecode.c.h; path = MessageThreadViewController.h; sourceTree = "<group>"; };
		450BB7F31248AC0A0028F91E /* MessageThreadViewController.m */ = {isa = PBXFileReference; fileEncoding = 4; lastKnownFileType = sourcecode.c.objc; path = MessageThreadViewController.m; sourceTree = "<group>"; };
		450BB7F41248AC0A0028F91E /* MessageThreadViewController.xib */ = {isa = PBXFileReference; lastKnownFileType = file.xib; path = MessageThreadViewController.xib; sourceTree = "<group>"; };
		450BB8981248D6690028F91E /* SendMessageViewController.h */ = {isa = PBXFileReference; fileEncoding = 4; lastKnownFileType = sourcecode.c.h; name = SendMessageViewController.h; path = Classes/SendMessageViewController.h; sourceTree = "<group>"; };
		450BB8991248D6690028F91E /* SendMessageViewController.m */ = {isa = PBXFileReference; fileEncoding = 4; lastKnownFileType = sourcecode.c.objc; name = SendMessageViewController.m; path = Classes/SendMessageViewController.m; sourceTree = "<group>"; };
		450BB89A1248D6690028F91E /* SendMessageViewController.xib */ = {isa = PBXFileReference; lastKnownFileType = file.xib; name = SendMessageViewController.xib; path = Classes/SendMessageViewController.xib; sourceTree = "<group>"; };
		4575F6BD122FC4FE00723106 /* MEOW_UserState.h */ = {isa = PBXFileReference; fileEncoding = 4; lastKnownFileType = sourcecode.c.h; path = MEOW_UserState.h; sourceTree = "<group>"; };
		4575F6BE122FC4FE00723106 /* MEOW_UserState.m */ = {isa = PBXFileReference; fileEncoding = 4; lastKnownFileType = sourcecode.c.objc; path = MEOW_UserState.m; sourceTree = "<group>"; };
		4575F6DF122FC94A00723106 /* SynthesizeSingleton.h */ = {isa = PBXFileReference; fileEncoding = 4; lastKnownFileType = sourcecode.c.h; path = SynthesizeSingleton.h; sourceTree = "<group>"; };
		4575F7A9122FE4CA00723106 /* MEOW_UserMessage.h */ = {isa = PBXFileReference; fileEncoding = 4; lastKnownFileType = sourcecode.c.h; path = MEOW_UserMessage.h; sourceTree = "<group>"; };
		4575F7AA122FE4CA00723106 /* MEOW_UserMessage.m */ = {isa = PBXFileReference; fileEncoding = 4; lastKnownFileType = sourcecode.c.objc; path = MEOW_UserMessage.m; sourceTree = "<group>"; };
		45C5B9BB12268B3E00EB87D8 /* HomeViewController.h */ = {isa = PBXFileReference; fileEncoding = 4; lastKnownFileType = sourcecode.c.h; path = HomeViewController.h; sourceTree = "<group>"; };
		45C5B9BC12268B3E00EB87D8 /* HomeViewController.m */ = {isa = PBXFileReference; fileEncoding = 4; lastKnownFileType = sourcecode.c.objc; path = HomeViewController.m; sourceTree = "<group>"; };
		45C5B9BD12268B3E00EB87D8 /* HomeViewController.xib */ = {isa = PBXFileReference; lastKnownFileType = file.xib; path = HomeViewController.xib; sourceTree = "<group>"; };
		45C5BA371226972A00EB87D8 /* MapKit.framework */ = {isa = PBXFileReference; lastKnownFileType = wrapper.framework; name = MapKit.framework; path = System/Library/Frameworks/MapKit.framework; sourceTree = SDKROOT; };
		45D76B921228C0F200003C53 /* MessagesViewController.h */ = {isa = PBXFileReference; fileEncoding = 4; lastKnownFileType = sourcecode.c.h; name = MessagesViewController.h; path = Classes/MessagesViewController.h; sourceTree = "<group>"; };
		45D76B931228C0F200003C53 /* MessagesViewController.m */ = {isa = PBXFileReference; fileEncoding = 4; lastKnownFileType = sourcecode.c.objc; name = MessagesViewController.m; path = Classes/MessagesViewController.m; sourceTree = "<group>"; };
		45D76B941228C0F200003C53 /* MessagesViewController.xib */ = {isa = PBXFileReference; lastKnownFileType = file.xib; name = MessagesViewController.xib; path = Classes/MessagesViewController.xib; sourceTree = "<group>"; };
		45D76BF91228F91700003C53 /* MessagesToolBarViewController.h */ = {isa = PBXFileReference; fileEncoding = 4; lastKnownFileType = sourcecode.c.h; name = MessagesToolBarViewController.h; path = Classes/MessagesToolBarViewController.h; sourceTree = "<group>"; };
		45D76BFA1228F91700003C53 /* MessagesToolBarViewController.m */ = {isa = PBXFileReference; fileEncoding = 4; lastKnownFileType = sourcecode.c.objc; name = MessagesToolBarViewController.m; path = Classes/MessagesToolBarViewController.m; sourceTree = "<group>"; };
		45D76BFB1228F91700003C53 /* MessagesToolBarViewController.xib */ = {isa = PBXFileReference; lastKnownFileType = file.xib; name = MessagesToolBarViewController.xib; path = Classes/MessagesToolBarViewController.xib; sourceTree = "<group>"; };
		8D1107310486CEB800E47090 /* MEOW_iphone-Info.plist */ = {isa = PBXFileReference; fileEncoding = 4; lastKnownFileType = text.plist.xml; path = "MEOW_iphone-Info.plist"; plistStructureDefinitionIdentifier = "com.apple.xcode.plist.structure-definition.iphone.info-plist"; sourceTree = "<group>"; };
/* End PBXFileReference section */

/* Begin PBXFrameworksBuildPhase section */
		1D60588F0D05DD3D006BFB54 /* Frameworks */ = {
			isa = PBXFrameworksBuildPhase;
			buildActionMask = 2147483647;
			files = (
				4503D6FC1209665D005E9A73 /* libDeferredKit.a in Frameworks */,
				1D60589F0D05DD5A006BFB54 /* Foundation.framework in Frameworks */,
				1DF5F4E00D08C38300B7A737 /* UIKit.framework in Frameworks */,
				288765A50DF7441C002DB57D /* CoreGraphics.framework in Frameworks */,
				45C5BA381226972A00EB87D8 /* MapKit.framework in Frameworks */,
			);
			runOnlyForDeploymentPostprocessing = 0;
		};
/* End PBXFrameworksBuildPhase section */

/* Begin PBXGroup section */
		080E96DDFE201D6D7F000001 /* Classes */ = {
			isa = PBXGroup;
			children = (
				4575F6DF122FC94A00723106 /* SynthesizeSingleton.h */,
				4575F6BD122FC4FE00723106 /* MEOW_UserState.h */,
				4575F6BE122FC4FE00723106 /* MEOW_UserState.m */,
				1D3623240D0F684500981E51 /* MEOW_iphoneAppDelegate.h */,
				1D3623250D0F684500981E51 /* MEOW_iphoneAppDelegate.m */,
				4575F7A9122FE4CA00723106 /* MEOW_UserMessage.h */,
				4575F7AA122FE4CA00723106 /* MEOW_UserMessage.m */,
			);
			path = Classes;
			sourceTree = "<group>";
		};
		19C28FACFE9D520D11CA2CBB /* Products */ = {
			isa = PBXGroup;
			children = (
				1D6058910D05DD3D006BFB54 /* MEOW-iphone.app */,
			);
			name = Products;
			sourceTree = "<group>";
		};
		29B97314FDCFA39411CA2CEA /* CustomTemplate */ = {
			isa = PBXGroup;
			children = (
				4575F72F122FCE3400723106 /* View Controllers */,
				45C5BA18122692E000EB87D8 /* XIBs */,
				4503D6EF12096654005E9A73 /* CocoaDeferred.xcodeproj */,
				080E96DDFE201D6D7F000001 /* Classes */,
				29B97315FDCFA39411CA2CEA /* Other Sources */,
				29B97317FDCFA39411CA2CEA /* Resources */,
				29B97323FDCFA39411CA2CEA /* Frameworks */,
				19C28FACFE9D520D11CA2CBB /* Products */,
			);
			name = CustomTemplate;
			sourceTree = "<group>";
		};
		29B97315FDCFA39411CA2CEA /* Other Sources */ = {
			isa = PBXGroup;
			children = (
				32CA4F630368D1EE00C91783 /* MEOW_iphone_Prefix.pch */,
				29B97316FDCFA39411CA2CEA /* main.m */,
			);
			name = "Other Sources";
			sourceTree = "<group>";
		};
		29B97317FDCFA39411CA2CEA /* Resources */ = {
			isa = PBXGroup;
			children = (
				8D1107310486CEB800E47090 /* MEOW_iphone-Info.plist */,
			);
			name = Resources;
			sourceTree = "<group>";
		};
		29B97323FDCFA39411CA2CEA /* Frameworks */ = {
			isa = PBXGroup;
			children = (
				1DF5F4DF0D08C38300B7A737 /* UIKit.framework */,
				1D30AB110D05D00D00671497 /* Foundation.framework */,
				288765A40DF7441C002DB57D /* CoreGraphics.framework */,
				45C5BA371226972A00EB87D8 /* MapKit.framework */,
			);
			name = Frameworks;
			sourceTree = "<group>";
		};
		4503D6F012096654005E9A73 /* Products */ = {
			isa = PBXGroup;
			children = (
				4503D6F912096654005E9A73 /* libDeferredKit.a */,
				4503D6FB12096654005E9A73 /* DeferredTest.app */,
			);
			name = Products;
			sourceTree = "<group>";
		};
		4575F72F122FCE3400723106 /* View Controllers */ = {
			isa = PBXGroup;
			children = (
				450BB8981248D6690028F91E /* SendMessageViewController.h */,
				450BB8991248D6690028F91E /* SendMessageViewController.m */,
				45D76B921228C0F200003C53 /* MessagesViewController.h */,
				45D76B931228C0F200003C53 /* MessagesViewController.m */,
				45C5B9BB12268B3E00EB87D8 /* HomeViewController.h */,
				45C5B9BC12268B3E00EB87D8 /* HomeViewController.m */,
				45D76BF91228F91700003C53 /* MessagesToolBarViewController.h */,
				45D76BFA1228F91700003C53 /* MessagesToolBarViewController.m */,
				28D7ACF60DDB3853001CB0EB /* RegisterViewController.h */,
				28D7ACF70DDB3853001CB0EB /* RegisterViewController.m */,
				450BB7F21248AC0A0028F91E /* MessageThreadViewController.h */,
				450BB7F31248AC0A0028F91E /* MessageThreadViewController.m */,
			);
			name = "View Controllers";
			sourceTree = "<group>";
		};
		45C5BA18122692E000EB87D8 /* XIBs */ = {
			isa = PBXGroup;
			children = (
				450BB89A1248D6690028F91E /* SendMessageViewController.xib */,
				450BB7F41248AC0A0028F91E /* MessageThreadViewController.xib */,
				45D76B941228C0F200003C53 /* MessagesViewController.xib */,
				45D76BFB1228F91700003C53 /* MessagesToolBarViewController.xib */,
				2899E5210DE3E06400AC0155 /* RegisterViewController.xib */,
				28AD733E0D9D9553002E5188 /* MainWindow.xib */,
				45C5B9BD12268B3E00EB87D8 /* HomeViewController.xib */,
			);
			name = XIBs;
			sourceTree = "<group>";
		};
/* End PBXGroup section */

/* Begin PBXNativeTarget section */
		1D6058900D05DD3D006BFB54 /* MEOW-iphone */ = {
			isa = PBXNativeTarget;
			buildConfigurationList = 1D6058960D05DD3E006BFB54 /* Build configuration list for PBXNativeTarget "MEOW-iphone" */;
			buildPhases = (
				1D60588D0D05DD3D006BFB54 /* Resources */,
				1D60588E0D05DD3D006BFB54 /* Sources */,
				1D60588F0D05DD3D006BFB54 /* Frameworks */,
			);
			buildRules = (
			);
			dependencies = (
				4503D70012096680005E9A73 /* PBXTargetDependency */,
			);
			name = "MEOW-iphone";
			productName = "MEOW-iphone";
			productReference = 1D6058910D05DD3D006BFB54 /* MEOW-iphone.app */;
			productType = "com.apple.product-type.application";
		};
/* End PBXNativeTarget section */

/* Begin PBXProject section */
		29B97313FDCFA39411CA2CEA /* Project object */ = {
			isa = PBXProject;
			attributes = {
				ORGANIZATIONNAME = "Infinite Recursion Pty Ltd";
			};
			buildConfigurationList = C01FCF4E08A954540054247B /* Build configuration list for PBXProject "MEOW-iphone" */;
			compatibilityVersion = "Xcode 3.1";
			hasScannedForEncodings = 1;
			mainGroup = 29B97314FDCFA39411CA2CEA /* CustomTemplate */;
			projectDirPath = "";
			projectReferences = (
				{
					ProductGroup = 4503D6F012096654005E9A73 /* Products */;
					ProjectRef = 4503D6EF12096654005E9A73 /* CocoaDeferred.xcodeproj */;
				},
			);
			projectRoot = "";
			targets = (
				1D6058900D05DD3D006BFB54 /* MEOW-iphone */,
			);
		};
/* End PBXProject section */

/* Begin PBXReferenceProxy section */
		4503D6F912096654005E9A73 /* libDeferredKit.a */ = {
			isa = PBXReferenceProxy;
			fileType = archive.ar;
			path = libDeferredKit.a;
			remoteRef = 4503D6F812096654005E9A73 /* PBXContainerItemProxy */;
			sourceTree = BUILT_PRODUCTS_DIR;
		};
		4503D6FB12096654005E9A73 /* DeferredTest.app */ = {
			isa = PBXReferenceProxy;
			fileType = wrapper.application;
			path = DeferredTest.app;
			remoteRef = 4503D6FA12096654005E9A73 /* PBXContainerItemProxy */;
			sourceTree = BUILT_PRODUCTS_DIR;
		};
/* End PBXReferenceProxy section */

/* Begin PBXResourcesBuildPhase section */
		1D60588D0D05DD3D006BFB54 /* Resources */ = {
			isa = PBXResourcesBuildPhase;
			buildActionMask = 2147483647;
			files = (
				28AD733F0D9D9553002E5188 /* MainWindow.xib in Resources */,
				2899E5220DE3E06400AC0155 /* RegisterViewController.xib in Resources */,
				45C5B9BF12268B3E00EB87D8 /* HomeViewController.xib in Resources */,
				45D76B961228C0F200003C53 /* MessagesViewController.xib in Resources */,
				45D76BFD1228F91700003C53 /* MessagesToolBarViewController.xib in Resources */,
				450BB7F61248AC0A0028F91E /* MessageThreadViewController.xib in Resources */,
				450BB89C1248D6690028F91E /* SendMessageViewController.xib in Resources */,
			);
			runOnlyForDeploymentPostprocessing = 0;
		};
/* End PBXResourcesBuildPhase section */

/* Begin PBXSourcesBuildPhase section */
		1D60588E0D05DD3D006BFB54 /* Sources */ = {
			isa = PBXSourcesBuildPhase;
			buildActionMask = 2147483647;
			files = (
				1D60589B0D05DD56006BFB54 /* main.m in Sources */,
				1D3623260D0F684500981E51 /* MEOW_iphoneAppDelegate.m in Sources */,
				28D7ACF80DDB3853001CB0EB /* RegisterViewController.m in Sources */,
				45C5B9BE12268B3E00EB87D8 /* HomeViewController.m in Sources */,
				45D76B951228C0F200003C53 /* MessagesViewController.m in Sources */,
				45D76BFC1228F91700003C53 /* MessagesToolBarViewController.m in Sources */,
				4575F6BF122FC4FE00723106 /* MEOW_UserState.m in Sources */,
				4575F7AB122FE4CA00723106 /* MEOW_UserMessage.m in Sources */,
				450BB7F51248AC0A0028F91E /* MessageThreadViewController.m in Sources */,
				450BB89B1248D6690028F91E /* SendMessageViewController.m in Sources */,
			);
			runOnlyForDeploymentPostprocessing = 0;
		};
/* End PBXSourcesBuildPhase section */

/* Begin PBXTargetDependency section */
		4503D70012096680005E9A73 /* PBXTargetDependency */ = {
			isa = PBXTargetDependency;
			name = DeferredKit;
			targetProxy = 4503D6FF12096680005E9A73 /* PBXContainerItemProxy */;
		};
/* End PBXTargetDependency section */

/* Begin XCBuildConfiguration section */
		1D6058940D05DD3E006BFB54 /* Debug */ = {
			isa = XCBuildConfiguration;
			buildSettings = {
				ALWAYS_SEARCH_USER_PATHS = NO;
				ARCHS = "$(ARCHS_STANDARD_32_BIT)";
				COPY_PHASE_STRIP = NO;
				GCC_DYNAMIC_NO_PIC = NO;
				GCC_OPTIMIZATION_LEVEL = 0;
				GCC_PRECOMPILE_PREFIX_HEADER = YES;
				GCC_PREFIX_HEADER = MEOW_iphone_Prefix.pch;
				INFOPLIST_FILE = "MEOW_iphone-Info.plist";
				ONLY_ACTIVE_ARCH = YES;
				PRODUCT_NAME = "MEOW-iphone";
			};
			name = Debug;
		};
		1D6058950D05DD3E006BFB54 /* Release */ = {
			isa = XCBuildConfiguration;
			buildSettings = {
				ALWAYS_SEARCH_USER_PATHS = NO;
				COPY_PHASE_STRIP = YES;
				GCC_PRECOMPILE_PREFIX_HEADER = YES;
				GCC_PREFIX_HEADER = MEOW_iphone_Prefix.pch;
				INFOPLIST_FILE = "MEOW_iphone-Info.plist";
				PRODUCT_NAME = "MEOW-iphone";
				VALIDATE_PRODUCT = YES;
			};
			name = Release;
		};
		C01FCF4F08A954540054247B /* Debug */ = {
			isa = XCBuildConfiguration;
			buildSettings = {
				ARCHS = "$(ARCHS_STANDARD_32_BIT)";
				"CODE_SIGN_IDENTITY[sdk=iphoneos*]" = "iPhone Developer";
				GCC_C_LANGUAGE_STANDARD = c99;
				GCC_OPTIMIZATION_LEVEL = 0;
				GCC_WARN_ABOUT_RETURN_TYPE = YES;
				GCC_WARN_UNUSED_VARIABLE = YES;
				HEADER_SEARCH_PATHS = "DeferredKit/CocoaDeferred/Source/**";
				IPHONEOS_DEPLOYMENT_TARGET = 3.1;
				OTHER_LDFLAGS = (
					"-all_load",
					"-ObjC",
				);
				PREBINDING = NO;
				SDKROOT = iphoneos4.0;
			};
			name = Debug;
		};
		C01FCF5008A954540054247B /* Release */ = {
			isa = XCBuildConfiguration;
			buildSettings = {
				ARCHS = "$(ARCHS_STANDARD_32_BIT)";
				"CODE_SIGN_IDENTITY[sdk=iphoneos*]" = "iPhone Developer";
				GCC_C_LANGUAGE_STANDARD = c99;
				GCC_WARN_ABOUT_RETURN_TYPE = YES;
				GCC_WARN_UNUSED_VARIABLE = YES;
				OTHER_CFLAGS = "-DNS_BLOCK_ASSERTIONS=1";
				PREBINDING = NO;
				SDKROOT = iphoneos4.0;
			};
			name = Release;
		};
/* End XCBuildConfiguration section */

/* Begin XCConfigurationList section */
		1D6058960D05DD3E006BFB54 /* Build configuration list for PBXNativeTarget "MEOW-iphone" */ = {
			isa = XCConfigurationList;
			buildConfigurations = (
				1D6058940D05DD3E006BFB54 /* Debug */,
				1D6058950D05DD3E006BFB54 /* Release */,
			);
			defaultConfigurationIsVisible = 0;
			defaultConfigurationName = Release;
		};
		C01FCF4E08A954540054247B /* Build configuration list for PBXProject "MEOW-iphone" */ = {
			isa = XCConfigurationList;
			buildConfigurations = (
				C01FCF4F08A954540054247B /* Debug */,
				C01FCF5008A954540054247B /* Release */,
			);
			defaultConfigurationIsVisible = 0;
			defaultConfigurationName = Release;
		};
/* End XCConfigurationList section */
	};
	rootObject = 29B97313FDCFA39411CA2CEA /* Project object */;
}
